
Microsoft Visual Studio Solution File, Format Version 12.00
# Visual Studio Version 16
VisualStudioVersion = 16.0.29306.81
MinimumVisualStudioVersion = 10.0.40219.1
Project("{8BC9CEB8-8B4A-11D0-8D11-00A0C91BC942}") = "实验01：全排列", "实验一：全排列\实验一：全排列.vcxproj", "{E27A27D5-FAA8-461F-B2BF-0C667BC3258A}"
EndProject
Project("{8BC9CEB8-8B4A-11D0-8D11-00A0C91BC942}") = "实验01：子集提交", "实验一：子集提交\实验一：子集提交.vcxproj", "{2061E641-CFDC-44B3-AE72-136C6DB93981}"
EndProject
Project("{8BC9CEB8-8B4A-11D0-8D11-00A0C91BC942}") = "实验01：全排列提交", "实验一：全排列提交\实验一：全排列提交.vcxproj", "{227FA8C4-8695-4098-BBB4-E52A86689F0C}"
EndProject
Project("{8BC9CEB8-8B4A-11D0-8D11-00A0C91BC942}") = "实验02：排序", "实验二：排序算法\实验二：排序算法.vcxproj", "{BA5956CF-6C2D-4C3F-91B9-4AB06687B5FD}"
EndProject
Project("{8BC9CEB8-8B4A-11D0-8D11-00A0C91BC942}") = "实验01：子集", "实验一：子集\实验一：子集.vcxproj", "{F8B9D0A8-39AE-43A4-BD8A-EE06582BCE26}"
EndProject
Project("{8BC9CEB8-8B4A-11D0-8D11-00A0C91BC942}") = "实验02：排序提交", "实验二：排序提交\实验二：排序提交.vcxproj", "{D7A683CF-F309-4BB7-AB6E-1A46DF1FAB66}"
EndProject
Project("{8BC9CEB8-8B4A-11D0-8D11-00A0C91BC942}") = "实验03：数组描述线性表", "实验三：数组描述线性表\实验三：数组描述线性表.vcxproj", "{F8331A2F-9853-4133-9965-E2128F558487}"
EndProject
Project("{8BC9CEB8-8B4A-11D0-8D11-00A0C91BC942}") = "实验03：数组描述线性表提交", "实验三：数组描述线性表提交\实验三：数组描述线性表提交.vcxproj", "{704E9A48-2939-43A4-B98A-A8FFA498D94A}"
EndProject
Project("{8BC9CEB8-8B4A-11D0-8D11-00A0C91BC942}") = "实验04：链表", "实验4：链表\实验4：链表.vcxproj", "{33CF61CF-25C0-49CE-BE96-CE6ED5B0A2E0}"
EndProject
Project("{8BC9CEB8-8B4A-11D0-8D11-00A0C91BC942}") = "实验05：矩阵", "实验05：矩阵\实验05：矩阵.vcxproj", "{9AD053A0-4CA4-45D9-8172-114D17A0FEE3}"
EndProject
Project("{8BC9CEB8-8B4A-11D0-8D11-00A0C91BC942}") = "实验04：链表提交", "实验4：链表提交\实验4：链表提交.vcxproj", "{0A222DB0-3EAD-467B-AE5F-DEDE68678099}"
EndProject
Project("{8BC9CEB8-8B4A-11D0-8D11-00A0C91BC942}") = "作业03 链表", "作业03 链表\作业03 链表.vcxproj", "{4908D8C5-F2BF-450D-896B-F55DB899CE2A}"
EndProject
Project("{8BC9CEB8-8B4A-11D0-8D11-00A0C91BC942}") = "实验05：矩阵提交", "实验05：矩阵提交\实验05：矩阵提交.vcxproj", "{71A86470-1AB4-4FC1-A28A-00A6D1082D0B}"
EndProject
Project("{8BC9CEB8-8B4A-11D0-8D11-00A0C91BC942}") = "作业04：矩阵", "作业04：矩阵\作业04：矩阵.vcxproj", "{4DCC1D0C-41D8-4D3A-ADDD-71435B3BE989}"
EndProject
Project("{8BC9CEB8-8B4A-11D0-8D11-00A0C91BC942}") = "实验06：stack", "实验06：stack\实验06：stack.vcxproj", "{1621ACDC-FD2D-4945-9F00-D875BC291D9F}"
EndProject
Project("{8BC9CEB8-8B4A-11D0-8D11-00A0C91BC942}") = "实验05：C 十字链表", "实验05：C 十字链表\实验05：C 十字链表.vcxproj", "{C3829F51-E801-42C8-BB2F-95E2C12D2843}"
EndProject
Project("{8BC9CEB8-8B4A-11D0-8D11-00A0C91BC942}") = "temp", "temp\temp.vcxproj", "{26CD00C5-84E7-4217-B781-73304CDD1FFE}"
EndProject
Project("{8BC9CEB8-8B4A-11D0-8D11-00A0C91BC942}") = "实验06：计算提交", "实验06：计算提交\实验06：计算提交.vcxproj", "{98265A72-A8CD-4F54-94F4-0761EAFE723C}"
EndProject
Global
	GlobalSection(SolutionConfigurationPlatforms) = preSolution
		Debug|x64 = Debug|x64
		Debug|x86 = Debug|x86
		Release|x64 = Release|x64
		Release|x86 = Release|x86
	EndGlobalSection
	GlobalSection(ProjectConfigurationPlatforms) = postSolution
		{E27A27D5-FAA8-461F-B2BF-0C667BC3258A}.Debug|x64.ActiveCfg = Debug|x64
		{E27A27D5-FAA8-461F-B2BF-0C667BC3258A}.Debug|x64.Build.0 = Debug|x64
		{E27A27D5-FAA8-461F-B2BF-0C667BC3258A}.Debug|x86.ActiveCfg = Debug|Win32
		{E27A27D5-FAA8-461F-B2BF-0C667BC3258A}.Debug|x86.Build.0 = Debug|Win32
		{E27A27D5-FAA8-461F-B2BF-0C667BC3258A}.Release|x64.ActiveCfg = Release|x64
		{E27A27D5-FAA8-461F-B2BF-0C667BC3258A}.Release|x64.Build.0 = Release|x64
		{E27A27D5-FAA8-461F-B2BF-0C667BC3258A}.Release|x86.ActiveCfg = Release|Win32
		{E27A27D5-FAA8-461F-B2BF-0C667BC3258A}.Release|x86.Build.0 = Release|Win32
		{2061E641-CFDC-44B3-AE72-136C6DB93981}.Debug|x64.ActiveCfg = Debug|x64
		{2061E641-CFDC-44B3-AE72-136C6DB93981}.Debug|x64.Build.0 = Debug|x64
		{2061E641-CFDC-44B3-AE72-136C6DB93981}.Debug|x86.ActiveCfg = Debug|Win32
		{2061E641-CFDC-44B3-AE72-136C6DB93981}.Debug|x86.Build.0 = Debug|Win32
		{2061E641-CFDC-44B3-AE72-136C6DB93981}.Release|x64.ActiveCfg = Release|x64
		{2061E641-CFDC-44B3-AE72-136C6DB93981}.Release|x64.Build.0 = Release|x64
		{2061E641-CFDC-44B3-AE72-136C6DB93981}.Release|x86.ActiveCfg = Release|Win32
		{2061E641-CFDC-44B3-AE72-136C6DB93981}.Release|x86.Build.0 = Release|Win32
		{227FA8C4-8695-4098-BBB4-E52A86689F0C}.Debug|x64.ActiveCfg = Debug|x64
		{227FA8C4-8695-4098-BBB4-E52A86689F0C}.Debug|x64.Build.0 = Debug|x64
		{227FA8C4-8695-4098-BBB4-E52A86689F0C}.Debug|x86.ActiveCfg = Debug|Win32
		{227FA8C4-8695-4098-BBB4-E52A86689F0C}.Debug|x86.Build.0 = Debug|Win32
		{227FA8C4-8695-4098-BBB4-E52A86689F0C}.Release|x64.ActiveCfg = Release|x64
		{227FA8C4-8695-4098-BBB4-E52A86689F0C}.Release|x64.Build.0 = Release|x64
		{227FA8C4-8695-4098-BBB4-E52A86689F0C}.Release|x86.ActiveCfg = Release|Win32
		{227FA8C4-8695-4098-BBB4-E52A86689F0C}.Release|x86.Build.0 = Release|Win32
		{BA5956CF-6C2D-4C3F-91B9-4AB06687B5FD}.Debug|x64.ActiveCfg = Debug|x64
		{BA5956CF-6C2D-4C3F-91B9-4AB06687B5FD}.Debug|x64.Build.0 = Debug|x64
		{BA5956CF-6C2D-4C3F-91B9-4AB06687B5FD}.Debug|x86.ActiveCfg = Debug|Win32
		{BA5956CF-6C2D-4C3F-91B9-4AB06687B5FD}.Debug|x86.Build.0 = Debug|Win32
		{BA5956CF-6C2D-4C3F-91B9-4AB06687B5FD}.Release|x64.ActiveCfg = Release|x64
		{BA5956CF-6C2D-4C3F-91B9-4AB06687B5FD}.Release|x64.Build.0 = Release|x64
		{BA5956CF-6C2D-4C3F-91B9-4AB06687B5FD}.Release|x86.ActiveCfg = Release|Win32
		{BA5956CF-6C2D-4C3F-91B9-4AB06687B5FD}.Release|x86.Build.0 = Release|Win32
		{F8B9D0A8-39AE-43A4-BD8A-EE06582BCE26}.Debug|x64.ActiveCfg = Debug|x64
		{F8B9D0A8-39AE-43A4-BD8A-EE06582BCE26}.Debug|x64.Build.0 = Debug|x64
		{F8B9D0A8-39AE-43A4-BD8A-EE06582BCE26}.Debug|x86.ActiveCfg = Debug|Win32
		{F8B9D0A8-39AE-43A4-BD8A-EE06582BCE26}.Debug|x86.Build.0 = Debug|Win32
		{F8B9D0A8-39AE-43A4-BD8A-EE06582BCE26}.Release|x64.ActiveCfg = Release|x64
		{F8B9D0A8-39AE-43A4-BD8A-EE06582BCE26}.Release|x64.Build.0 = Release|x64
		{F8B9D0A8-39AE-43A4-BD8A-EE06582BCE26}.Release|x86.ActiveCfg = Release|Win32
		{F8B9D0A8-39AE-43A4-BD8A-EE06582BCE26}.Release|x86.Build.0 = Release|Win32
		{D7A683CF-F309-4BB7-AB6E-1A46DF1FAB66}.Debug|x64.ActiveCfg = Debug|x64
		{D7A683CF-F309-4BB7-AB6E-1A46DF1FAB66}.Debug|x64.Build.0 = Debug|x64
		{D7A683CF-F309-4BB7-AB6E-1A46DF1FAB66}.Debug|x86.ActiveCfg = Debug|Win32
		{D7A683CF-F309-4BB7-AB6E-1A46DF1FAB66}.Debug|x86.Build.0 = Debug|Win32
		{D7A683CF-F309-4BB7-AB6E-1A46DF1FAB66}.Release|x64.ActiveCfg = Release|x64
		{D7A683CF-F309-4BB7-AB6E-1A46DF1FAB66}.Release|x64.Build.0 = Release|x64
		{D7A683CF-F309-4BB7-AB6E-1A46DF1FAB66}.Release|x86.ActiveCfg = Release|Win32
		{D7A683CF-F309-4BB7-AB6E-1A46DF1FAB66}.Release|x86.Build.0 = Release|Win32
		{F8331A2F-9853-4133-9965-E2128F558487}.Debug|x64.ActiveCfg = Debug|x64
		{F8331A2F-9853-4133-9965-E2128F558487}.Debug|x64.Build.0 = Debug|x64
		{F8331A2F-9853-4133-9965-E2128F558487}.Debug|x86.ActiveCfg = Debug|Win32
		{F8331A2F-9853-4133-9965-E2128F558487}.Debug|x86.Build.0 = Debug|Win32
		{F8331A2F-9853-4133-9965-E2128F558487}.Release|x64.ActiveCfg = Release|x64
		{F8331A2F-9853-4133-9965-E2128F558487}.Release|x64.Build.0 = Release|x64
		{F8331A2F-9853-4133-9965-E2128F558487}.Release|x86.ActiveCfg = Release|Win32
		{F8331A2F-9853-4133-9965-E2128F558487}.Release|x86.Build.0 = Release|Win32
		{704E9A48-2939-43A4-B98A-A8FFA498D94A}.Debug|x64.ActiveCfg = Debug|x64
		{704E9A48-2939-43A4-B98A-A8FFA498D94A}.Debug|x64.Build.0 = Debug|x64
		{704E9A48-2939-43A4-B98A-A8FFA498D94A}.Debug|x86.ActiveCfg = Debug|Win32
		{704E9A48-2939-43A4-B98A-A8FFA498D94A}.Debug|x86.Build.0 = Debug|Win32
		{704E9A48-2939-43A4-B98A-A8FFA498D94A}.Release|x64.ActiveCfg = Release|x64
		{704E9A48-2939-43A4-B98A-A8FFA498D94A}.Release|x64.Build.0 = Release|x64
		{704E9A48-2939-43A4-B98A-A8FFA498D94A}.Release|x86.ActiveCfg = Release|Win32
		{704E9A48-2939-43A4-B98A-A8FFA498D94A}.Release|x86.Build.0 = Release|Win32
		{33CF61CF-25C0-49CE-BE96-CE6ED5B0A2E0}.Debug|x64.ActiveCfg = Debug|x64
		{33CF61CF-25C0-49CE-BE96-CE6ED5B0A2E0}.Debug|x64.Build.0 = Debug|x64
		{33CF61CF-25C0-49CE-BE96-CE6ED5B0A2E0}.Debug|x86.ActiveCfg = Debug|Win32
		{33CF61CF-25C0-49CE-BE96-CE6ED5B0A2E0}.Debug|x86.Build.0 = Debug|Win32
		{33CF61CF-25C0-49CE-BE96-CE6ED5B0A2E0}.Release|x64.ActiveCfg = Release|x64
		{33CF61CF-25C0-49CE-BE96-CE6ED5B0A2E0}.Release|x64.Build.0 = Release|x64
		{33CF61CF-25C0-49CE-BE96-CE6ED5B0A2E0}.Release|x86.ActiveCfg = Release|Win32
		{33CF61CF-25C0-49CE-BE96-CE6ED5B0A2E0}.Release|x86.Build.0 = Release|Win32
		{9AD053A0-4CA4-45D9-8172-114D17A0FEE3}.Debug|x64.ActiveCfg = Debug|x64
		{9AD053A0-4CA4-45D9-8172-114D17A0FEE3}.Debug|x64.Build.0 = Debug|x64
		{9AD053A0-4CA4-45D9-8172-114D17A0FEE3}.Debug|x86.ActiveCfg = Debug|Win32
		{9AD053A0-4CA4-45D9-8172-114D17A0FEE3}.Debug|x86.Build.0 = Debug|Win32
		{9AD053A0-4CA4-45D9-8172-114D17A0FEE3}.Release|x64.ActiveCfg = Release|x64
		{9AD053A0-4CA4-45D9-8172-114D17A0FEE3}.Release|x64.Build.0 = Release|x64
		{9AD053A0-4CA4-45D9-8172-114D17A0FEE3}.Release|x86.ActiveCfg = Release|Win32
		{9AD053A0-4CA4-45D9-8172-114D17A0FEE3}.Release|x86.Build.0 = Release|Win32
		{0A222DB0-3EAD-467B-AE5F-DEDE68678099}.Debug|x64.ActiveCfg = Debug|x64
		{0A222DB0-3EAD-467B-AE5F-DEDE68678099}.Debug|x64.Build.0 = Debug|x64
		{0A222DB0-3EAD-467B-AE5F-DEDE68678099}.Debug|x86.ActiveCfg = Debug|Win32
		{0A222DB0-3EAD-467B-AE5F-DEDE68678099}.Debug|x86.Build.0 = Debug|Win32
		{0A222DB0-3EAD-467B-AE5F-DEDE68678099}.Release|x64.ActiveCfg = Release|x64
		{0A222DB0-3EAD-467B-AE5F-DEDE68678099}.Release|x64.Build.0 = Release|x64
		{0A222DB0-3EAD-467B-AE5F-DEDE68678099}.Release|x86.ActiveCfg = Release|Win32
		{0A222DB0-3EAD-467B-AE5F-DEDE68678099}.Release|x86.Build.0 = Release|Win32
		{4908D8C5-F2BF-450D-896B-F55DB899CE2A}.Debug|x64.ActiveCfg = Debug|x64
		{4908D8C5-F2BF-450D-896B-F55DB899CE2A}.Debug|x64.Build.0 = Debug|x64
		{4908D8C5-F2BF-450D-896B-F55DB899CE2A}.Debug|x86.ActiveCfg = Debug|Win32
		{4908D8C5-F2BF-450D-896B-F55DB899CE2A}.Debug|x86.Build.0 = Debug|Win32
		{4908D8C5-F2BF-450D-896B-F55DB899CE2A}.Release|x64.ActiveCfg = Release|x64
		{4908D8C5-F2BF-450D-896B-F55DB899CE2A}.Release|x64.Build.0 = Release|x64
		{4908D8C5-F2BF-450D-896B-F55DB899CE2A}.Release|x86.ActiveCfg = Release|Win32
		{4908D8C5-F2BF-450D-896B-F55DB899CE2A}.Release|x86.Build.0 = Release|Win32
		{71A86470-1AB4-4FC1-A28A-00A6D1082D0B}.Debug|x64.ActiveCfg = Debug|x64
		{71A86470-1AB4-4FC1-A28A-00A6D1082D0B}.Debug|x64.Build.0 = Debug|x64
		{71A86470-1AB4-4FC1-A28A-00A6D1082D0B}.Debug|x86.ActiveCfg = Debug|Win32
		{71A86470-1AB4-4FC1-A28A-00A6D1082D0B}.Debug|x86.Build.0 = Debug|Win32
		{71A86470-1AB4-4FC1-A28A-00A6D1082D0B}.Release|x64.ActiveCfg = Release|x64
		{71A86470-1AB4-4FC1-A28A-00A6D1082D0B}.Release|x64.Build.0 = Release|x64
		{71A86470-1AB4-4FC1-A28A-00A6D1082D0B}.Release|x86.ActiveCfg = Release|Win32
		{71A86470-1AB4-4FC1-A28A-00A6D1082D0B}.Release|x86.Build.0 = Release|Win32
		{4DCC1D0C-41D8-4D3A-ADDD-71435B3BE989}.Debug|x64.ActiveCfg = Debug|x64
		{4DCC1D0C-41D8-4D3A-ADDD-71435B3BE989}.Debug|x64.Build.0 = Debug|x64
		{4DCC1D0C-41D8-4D3A-ADDD-71435B3BE989}.Debug|x86.ActiveCfg = Debug|Win32
		{4DCC1D0C-41D8-4D3A-ADDD-71435B3BE989}.Debug|x86.Build.0 = Debug|Win32
		{4DCC1D0C-41D8-4D3A-ADDD-71435B3BE989}.Release|x64.ActiveCfg = Release|x64
		{4DCC1D0C-41D8-4D3A-ADDD-71435B3BE989}.Release|x64.Build.0 = Release|x64
		{4DCC1D0C-41D8-4D3A-ADDD-71435B3BE989}.Release|x86.ActiveCfg = Release|Win32
		{4DCC1D0C-41D8-4D3A-ADDD-71435B3BE989}.Release|x86.Build.0 = Release|Win32
		{1621ACDC-FD2D-4945-9F00-D875BC291D9F}.Debug|x64.ActiveCfg = Debug|x64
		{1621ACDC-FD2D-4945-9F00-D875BC291D9F}.Debug|x64.Build.0 = Debug|x64
		{1621ACDC-FD2D-4945-9F00-D875BC291D9F}.Debug|x86.ActiveCfg = Debug|Win32
		{1621ACDC-FD2D-4945-9F00-D875BC291D9F}.Debug|x86.Build.0 = Debug|Win32
		{1621ACDC-FD2D-4945-9F00-D875BC291D9F}.Release|x64.ActiveCfg = Release|x64
		{1621ACDC-FD2D-4945-9F00-D875BC291D9F}.Release|x64.Build.0 = Release|x64
		{1621ACDC-FD2D-4945-9F00-D875BC291D9F}.Release|x86.ActiveCfg = Release|Win32
		{1621ACDC-FD2D-4945-9F00-D875BC291D9F}.Release|x86.Build.0 = Release|Win32
		{C3829F51-E801-42C8-BB2F-95E2C12D2843}.Debug|x64.ActiveCfg = Debug|x64
		{C3829F51-E801-42C8-BB2F-95E2C12D2843}.Debug|x64.Build.0 = Debug|x64
		{C3829F51-E801-42C8-BB2F-95E2C12D2843}.Debug|x86.ActiveCfg = Debug|Win32
		{C3829F51-E801-42C8-BB2F-95E2C12D2843}.Debug|x86.Build.0 = Debug|Win32
		{C3829F51-E801-42C8-BB2F-95E2C12D2843}.Release|x64.ActiveCfg = Release|x64
		{C3829F51-E801-42C8-BB2F-95E2C12D2843}.Release|x64.Build.0 = Release|x64
		{C3829F51-E801-42C8-BB2F-95E2C12D2843}.Release|x86.ActiveCfg = Release|Win32
		{C3829F51-E801-42C8-BB2F-95E2C12D2843}.Release|x86.Build.0 = Release|Win32
		{26CD00C5-84E7-4217-B781-73304CDD1FFE}.Debug|x64.ActiveCfg = Debug|x64
		{26CD00C5-84E7-4217-B781-73304CDD1FFE}.Debug|x64.Build.0 = Debug|x64
		{26CD00C5-84E7-4217-B781-73304CDD1FFE}.Debug|x86.ActiveCfg = Debug|Win32
		{26CD00C5-84E7-4217-B781-73304CDD1FFE}.Debug|x86.Build.0 = Debug|Win32
		{26CD00C5-84E7-4217-B781-73304CDD1FFE}.Release|x64.ActiveCfg = Release|x64
		{26CD00C5-84E7-4217-B781-73304CDD1FFE}.Release|x64.Build.0 = Release|x64
		{26CD00C5-84E7-4217-B781-73304CDD1FFE}.Release|x86.ActiveCfg = Release|Win32
		{26CD00C5-84E7-4217-B781-73304CDD1FFE}.Release|x86.Build.0 = Release|Win32
		{98265A72-A8CD-4F54-94F4-0761EAFE723C}.Debug|x64.ActiveCfg = Debug|x64
		{98265A72-A8CD-4F54-94F4-0761EAFE723C}.Debug|x64.Build.0 = Debug|x64
		{98265A72-A8CD-4F54-94F4-0761EAFE723C}.Debug|x86.ActiveCfg = Debug|Win32
		{98265A72-A8CD-4F54-94F4-0761EAFE723C}.Debug|x86.Build.0 = Debug|Win32
		{98265A72-A8CD-4F54-94F4-0761EAFE723C}.Release|x64.ActiveCfg = Release|x64
		{98265A72-A8CD-4F54-94F4-0761EAFE723C}.Release|x64.Build.0 = Release|x64
		{98265A72-A8CD-4F54-94F4-0761EAFE723C}.Release|x86.ActiveCfg = Release|Win32
		{98265A72-A8CD-4F54-94F4-0761EAFE723C}.Release|x86.Build.0 = Release|Win32
	EndGlobalSection
	GlobalSection(SolutionProperties) = preSolution
		HideSolutionNode = FALSE
	EndGlobalSection
	GlobalSection(ExtensibilityGlobals) = postSolution
		SolutionGuid = {D2D9C0CC-476C-4437-B8DB-876E4523DBFF}
	EndGlobalSection
EndGlobal
