
Microsoft Visual Studio Solution File, Format Version 12.00
# Visual Studio Version 16
VisualStudioVersion = 16.0.29306.81
MinimumVisualStudioVersion = 10.0.40219.1
Project("{8BC9CEB8-8B4A-11D0-8D11-00A0C91BC942}") = "实验01：全排列", "实验一：全排列\实验一：全排列.vcxproj", "{E27A27D5-FAA8-461F-B2BF-0C667BC3258A}"
EndProject
Project("{8BC9CEB8-8B4A-11D0-8D11-00A0C91BC942}") = "实验01：子集提交", "实验一：子集提交\实验一：子集提交.vcxproj", "{2061E641-CFDC-44B3-AE72-136C6DB93981}"
EndProject
Project("{8BC9CEB8-8B4A-11D0-8D11-00A0C91BC942}") = "实验01：全排列提交", "实验一：全排列提交\实验一：全排列提交.vcxproj", "{227FA8C4-8695-4098-BBB4-E52A86689F0C}"
EndProject
Project("{8BC9CEB8-8B4A-11D0-8D11-00A0C91BC942}") = "实验02：排序", "实验二：排序算法\实验二：排序算法.vcxproj", "{BA5956CF-6C2D-4C3F-91B9-4AB06687B5FD}"
EndProject
Project("{8BC9CEB8-8B4A-11D0-8D11-00A0C91BC942}") = "实验01：子集", "实验一：子集\实验一：子集.vcxproj", "{F8B9D0A8-39AE-43A4-BD8A-EE06582BCE26}"
EndProject
Project("{8BC9CEB8-8B4A-11D0-8D11-00A0C91BC942}") = "实验02：排序提交", "实验二：排序提交\实验二：排序提交.vcxproj", "{D7A683CF-F309-4BB7-AB6E-1A46DF1FAB66}"
EndProject
Project("{8BC9CEB8-8B4A-11D0-8D11-00A0C91BC942}") = "实验03：数组描述线性表", "实验三：数组描述线性表\实验三：数组描述线性表.vcxproj", "{F8331A2F-9853-4133-9965-E2128F558487}"
EndProject
Project("{8BC9CEB8-8B4A-11D0-8D11-00A0C91BC942}") = "实验03：数组描述线性表提交", "实验三：数组描述线性表提交\实验三：数组描述线性表提交.vcxproj", "{704E9A48-2939-43A4-B98A-A8FFA498D94A}"
EndProject
Project("{8BC9CEB8-8B4A-11D0-8D11-00A0C91BC942}") = "实验04：链表", "实验4：链表\实验4：链表.vcxproj", "{33CF61CF-25C0-49CE-BE96-CE6ED5B0A2E0}"
EndProject
Project("{8BC9CEB8-8B4A-11D0-8D11-00A0C91BC942}") = "实验05：矩阵", "实验05：矩阵\实验05：矩阵.vcxproj", "{9AD053A0-4CA4-45D9-8172-114D17A0FEE3}"
EndProject
Project("{8BC9CEB8-8B4A-11D0-8D11-00A0C91BC942}") = "实验04：链表提交", "实验4：链表提交\实验4：链表提交.vcxproj", "{0A222DB0-3EAD-467B-AE5F-DEDE68678099}"
EndProject
Project("{8BC9CEB8-8B4A-11D0-8D11-00A0C91BC942}") = "作业03 链表", "作业03 链表\作业03 链表.vcxproj", "{4908D8C5-F2BF-450D-896B-F55DB899CE2A}"
EndProject
Project("{8BC9CEB8-8B4A-11D0-8D11-00A0C91BC942}") = "实验05：矩阵提交", "实验05：矩阵提交\实验05：矩阵提交.vcxproj", "{71A86470-1AB4-4FC1-A28A-00A6D1082D0B}"
EndProject
Project("{8BC9CEB8-8B4A-11D0-8D11-00A0C91BC942}") = "作业04：矩阵", "作业04：矩阵\作业04：矩阵.vcxproj", "{4DCC1D0C-41D8-4D3A-ADDD-71435B3BE989}"
EndProject
Project("{8BC9CEB8-8B4A-11D0-8D11-00A0C91BC942}") = "实验06：stack", "实验06：stack\实验06：stack.vcxproj", "{1621ACDC-FD2D-4945-9F00-D875BC291D9F}"
EndProject
Project("{8BC9CEB8-8B4A-11D0-8D11-00A0C91BC942}") = "实验05：C 十字链表", "实验05：C 十字链表\实验05：C 十字链表.vcxproj", "{C3829F51-E801-42C8-BB2F-95E2C12D2843}"
EndProject
Project("{8BC9CEB8-8B4A-11D0-8D11-00A0C91BC942}") = "实验06：stack提交", "实验06：计算提交\实验06：计算提交.vcxproj", "{98265A72-A8CD-4F54-94F4-0761EAFE723C}"
EndProject
Project("{8BC9CEB8-8B4A-11D0-8D11-00A0C91BC942}") = "作业cp8", "作业cp8\作业cp8.vcxproj", "{78696CA6-7FB7-4A67-B211-B319C90B6C55}"
EndProject
Project("{8BC9CEB8-8B4A-11D0-8D11-00A0C91BC942}") = "实验07：arrayqueue", "实验07：arrayqueue\实验07：arrayqueue.vcxproj", "{43B8F57D-5A67-44F1-B662-BDB60DE99BA0}"
EndProject
Project("{8BC9CEB8-8B4A-11D0-8D11-00A0C91BC942}") = "作业cp9", "作业cp9\作业cp9.vcxproj", "{A5765CB3-18E2-4BAD-9C60-07C23CFB7A75}"
EndProject
Project("{8BC9CEB8-8B4A-11D0-8D11-00A0C91BC942}") = "作业cp10", "作业cp10\作业cp10.vcxproj", "{3E3331D9-3BD4-4F12-8A21-0DFC798680AD}"
EndProject
Project("{8BC9CEB8-8B4A-11D0-8D11-00A0C91BC942}") = "实验08：dictionary", "实验08：dictionary\实验08：dictionary.vcxproj", "{48214935-D558-4A38-844B-9BC559796499}"
EndProject
Project("{8BC9CEB8-8B4A-11D0-8D11-00A0C91BC942}") = "实验08：线性探查提交", "实验08：线性探查提交\实验08：线性探查提交.vcxproj", "{8C91CF5A-65D3-47E7-B2E1-731CFE2E2EF5}"
EndProject
Project("{8BC9CEB8-8B4A-11D0-8D11-00A0C91BC942}") = "实验08：链表提交", "实验08：链表提交\实验08：链表提交.vcxproj", "{E69FCFC9-AE72-4245-B619-513939C6C75F}"
EndProject
Project("{8BC9CEB8-8B4A-11D0-8D11-00A0C91BC942}") = "作业cp11", "作业cp11\作业cp11.vcxproj", "{39471C51-9ADB-4BA2-9FBA-E4C1FC7F506D}"
EndProject
Project("{8BC9CEB8-8B4A-11D0-8D11-00A0C91BC942}") = "作业cp11：课本代码", "作业cp11：课本代码\作业cp11：课本代码.vcxproj", "{E475B097-DFD5-4732-B939-D970F1335B57}"
EndProject
Project("{8BC9CEB8-8B4A-11D0-8D11-00A0C91BC942}") = "作业cp11：数组二叉树", "作业cp11：数组二叉树\作业cp11：数组二叉树.vcxproj", "{C259DDAE-3249-440D-8E9C-3C0D9672E1B8}"
EndProject
Project("{8BC9CEB8-8B4A-11D0-8D11-00A0C91BC942}") = "实验08：链表哈希验收", "实验08：链表哈希验收\实验08：链表哈希验收.vcxproj", "{A8EC3CAA-9453-4D2C-9021-4CF8DAA27304}"
EndProject
Project("{8BC9CEB8-8B4A-11D0-8D11-00A0C91BC942}") = "实验08：线性探查验收", "实验08：线性探查验收\实验08：线性探查验收.vcxproj", "{FB005C27-BCBE-4606-B162-400BE3F16BA9}"
EndProject
Project("{8BC9CEB8-8B4A-11D0-8D11-00A0C91BC942}") = "作业cp12：课本代码", "作业cp12：课本代码\作业cp12：课本代码.vcxproj", "{821C8109-D630-45FB-B38A-BC1903EDAF09}"
EndProject
Project("{8BC9CEB8-8B4A-11D0-8D11-00A0C91BC942}") = "实验09：二叉树第二题提交", "实验09：dev二叉树\实验09：dev二叉树.vcxproj", "{29900F21-565A-4D1E-A8F8-B8C2E0CD68CB}"
EndProject
Project("{8BC9CEB8-8B4A-11D0-8D11-00A0C91BC942}") = "实验09：二叉树验收", "实验09：二叉树验收\实验09：二叉树验收.vcxproj", "{E402A8EA-6360-4606-8457-EEC66C609D08}"
EndProject
Project("{8BC9CEB8-8B4A-11D0-8D11-00A0C91BC942}") = "实验09：二叉树第一题提交", "实验09：二叉树第一题提交\实验09：二叉树第一题提交.vcxproj", "{55B7D73F-B8E1-452E-A73A-7C737603CB60}"
EndProject
Project("{8BC9CEB8-8B4A-11D0-8D11-00A0C91BC942}") = "实验10：堆第一题提交", "实验10：堆第一题提交\实验10：堆第一题提交.vcxproj", "{99B35E9D-4D87-4CA5-B63B-2FFF617AE118}"
EndProject
Project("{8BC9CEB8-8B4A-11D0-8D11-00A0C91BC942}") = "实验10：堆第二题提交", "实验10：堆第二题提交\实验10：堆第二题提交.vcxproj", "{699DF22A-F253-41D8-8A38-CB61A7957AD0}"
EndProject
Project("{8BC9CEB8-8B4A-11D0-8D11-00A0C91BC942}") = "实验10：堆验收", "实验10：堆验收展示\实验10：堆验收展示.vcxproj", "{7CB5AE64-D9D0-42F8-BCD3-D17CE52D5236}"
EndProject
Project("{8BC9CEB8-8B4A-11D0-8D11-00A0C91BC942}") = "实验05：矩阵AC", "实验05：矩阵AC\实验05：矩阵AC.vcxproj", "{4D277192-C934-46A5-9D1D-F6076146BA08}"
EndProject
Project("{8BC9CEB8-8B4A-11D0-8D11-00A0C91BC942}") = "实验10：堆第二题附属：构建哈夫曼树", "实验10：堆第二题附属：构建哈夫曼树\实验10：堆第二题附属：构建哈夫曼树.vcxproj", "{5A156ED5-9667-48B9-B0C5-D11F3D30826A}"
EndProject
Project("{8BC9CEB8-8B4A-11D0-8D11-00A0C91BC942}") = "实验10：堆第二题附属：构建哈夫曼树2", "实验10：堆第二题附属：构建哈夫曼树2\实验10：堆第二题附属：构建哈夫曼树2.vcxproj", "{75425FD5-F6BC-40E4-B656-CC43D87A7473}"
EndProject
Project("{8BC9CEB8-8B4A-11D0-8D11-00A0C91BC942}") = "作业cp14", "作业cp14\作业cp14.vcxproj", "{D12EC76D-DFB2-466B-88E3-662F87CB7BBC}"
EndProject
Project("{8BC9CEB8-8B4A-11D0-8D11-00A0C91BC942}") = "实验11：搜索树验收", "实验11：搜索树验收\实验11：搜索树验收.vcxproj", "{6BDE6968-FF1B-4A4A-AE68-5C2E6F28101F}"
EndProject
Project("{8BC9CEB8-8B4A-11D0-8D11-00A0C91BC942}") = "实验12：图", "实验12：图\实验12：图.vcxproj", "{377F05A1-31AC-49B3-906D-847878E7243C}"
EndProject
Project("{8BC9CEB8-8B4A-11D0-8D11-00A0C91BC942}") = "实验11：搜索树提交temp", "实验11：搜索树提交\实验11：搜索树提交.vcxproj", "{251BEE34-E38D-4D79-8D6A-8D04366B3E31}"
EndProject
Project("{8BC9CEB8-8B4A-11D0-8D11-00A0C91BC942}") = "实验11：搜索树提交", "实验11：搜索树验收mxl\实验11：搜索树验收mxl.vcxproj", "{347C2636-E667-4C81-B497-D446406E595F}"
EndProject
Project("{8BC9CEB8-8B4A-11D0-8D11-00A0C91BC942}") = "实验12：邻接矩阵无向图", "实验12：邻接矩阵无向图\实验12：邻接矩阵无向图.vcxproj", "{310BE18F-E81F-40FE-990C-08DCE079FC28}"
EndProject
Project("{8BC9CEB8-8B4A-11D0-8D11-00A0C91BC942}") = "实验12：邻接链表无向图", "实验12：邻接链表无向图\实验12：邻接链表无向图.vcxproj", "{2B6DE0E5-FA47-4713-BCAF-400BD2977800}"
EndProject
Project("{8BC9CEB8-8B4A-11D0-8D11-00A0C91BC942}") = "实验10：邻接矩阵无向图-连通", "实验10：邻接矩阵无向图-连通\实验10：邻接矩阵无向图-连通.vcxproj", "{3906C80D-48D5-4EC2-AAB7-666863D5C57D}"
EndProject
Global
	GlobalSection(SolutionConfigurationPlatforms) = preSolution
		Debug|x64 = Debug|x64
		Debug|x86 = Debug|x86
		Release|x64 = Release|x64
		Release|x86 = Release|x86
	EndGlobalSection
	GlobalSection(ProjectConfigurationPlatforms) = postSolution
		{E27A27D5-FAA8-461F-B2BF-0C667BC3258A}.Debug|x64.ActiveCfg = Debug|x64
		{E27A27D5-FAA8-461F-B2BF-0C667BC3258A}.Debug|x64.Build.0 = Debug|x64
		{E27A27D5-FAA8-461F-B2BF-0C667BC3258A}.Debug|x86.ActiveCfg = Debug|Win32
		{E27A27D5-FAA8-461F-B2BF-0C667BC3258A}.Debug|x86.Build.0 = Debug|Win32
		{E27A27D5-FAA8-461F-B2BF-0C667BC3258A}.Release|x64.ActiveCfg = Release|x64
		{E27A27D5-FAA8-461F-B2BF-0C667BC3258A}.Release|x64.Build.0 = Release|x64
		{E27A27D5-FAA8-461F-B2BF-0C667BC3258A}.Release|x86.ActiveCfg = Release|Win32
		{E27A27D5-FAA8-461F-B2BF-0C667BC3258A}.Release|x86.Build.0 = Release|Win32
		{2061E641-CFDC-44B3-AE72-136C6DB93981}.Debug|x64.ActiveCfg = Debug|x64
		{2061E641-CFDC-44B3-AE72-136C6DB93981}.Debug|x64.Build.0 = Debug|x64
		{2061E641-CFDC-44B3-AE72-136C6DB93981}.Debug|x86.ActiveCfg = Debug|Win32
		{2061E641-CFDC-44B3-AE72-136C6DB93981}.Debug|x86.Build.0 = Debug|Win32
		{2061E641-CFDC-44B3-AE72-136C6DB93981}.Release|x64.ActiveCfg = Release|x64
		{2061E641-CFDC-44B3-AE72-136C6DB93981}.Release|x64.Build.0 = Release|x64
		{2061E641-CFDC-44B3-AE72-136C6DB93981}.Release|x86.ActiveCfg = Release|Win32
		{2061E641-CFDC-44B3-AE72-136C6DB93981}.Release|x86.Build.0 = Release|Win32
		{227FA8C4-8695-4098-BBB4-E52A86689F0C}.Debug|x64.ActiveCfg = Debug|x64
		{227FA8C4-8695-4098-BBB4-E52A86689F0C}.Debug|x64.Build.0 = Debug|x64
		{227FA8C4-8695-4098-BBB4-E52A86689F0C}.Debug|x86.ActiveCfg = Debug|Win32
		{227FA8C4-8695-4098-BBB4-E52A86689F0C}.Debug|x86.Build.0 = Debug|Win32
		{227FA8C4-8695-4098-BBB4-E52A86689F0C}.Release|x64.ActiveCfg = Release|x64
		{227FA8C4-8695-4098-BBB4-E52A86689F0C}.Release|x64.Build.0 = Release|x64
		{227FA8C4-8695-4098-BBB4-E52A86689F0C}.Release|x86.ActiveCfg = Release|Win32
		{227FA8C4-8695-4098-BBB4-E52A86689F0C}.Release|x86.Build.0 = Release|Win32
		{BA5956CF-6C2D-4C3F-91B9-4AB06687B5FD}.Debug|x64.ActiveCfg = Debug|x64
		{BA5956CF-6C2D-4C3F-91B9-4AB06687B5FD}.Debug|x64.Build.0 = Debug|x64
		{BA5956CF-6C2D-4C3F-91B9-4AB06687B5FD}.Debug|x86.ActiveCfg = Debug|Win32
		{BA5956CF-6C2D-4C3F-91B9-4AB06687B5FD}.Debug|x86.Build.0 = Debug|Win32
		{BA5956CF-6C2D-4C3F-91B9-4AB06687B5FD}.Release|x64.ActiveCfg = Release|x64
		{BA5956CF-6C2D-4C3F-91B9-4AB06687B5FD}.Release|x64.Build.0 = Release|x64
		{BA5956CF-6C2D-4C3F-91B9-4AB06687B5FD}.Release|x86.ActiveCfg = Release|Win32
		{BA5956CF-6C2D-4C3F-91B9-4AB06687B5FD}.Release|x86.Build.0 = Release|Win32
		{F8B9D0A8-39AE-43A4-BD8A-EE06582BCE26}.Debug|x64.ActiveCfg = Debug|x64
		{F8B9D0A8-39AE-43A4-BD8A-EE06582BCE26}.Debug|x64.Build.0 = Debug|x64
		{F8B9D0A8-39AE-43A4-BD8A-EE06582BCE26}.Debug|x86.ActiveCfg = Debug|Win32
		{F8B9D0A8-39AE-43A4-BD8A-EE06582BCE26}.Debug|x86.Build.0 = Debug|Win32
		{F8B9D0A8-39AE-43A4-BD8A-EE06582BCE26}.Release|x64.ActiveCfg = Release|x64
		{F8B9D0A8-39AE-43A4-BD8A-EE06582BCE26}.Release|x64.Build.0 = Release|x64
		{F8B9D0A8-39AE-43A4-BD8A-EE06582BCE26}.Release|x86.ActiveCfg = Release|Win32
		{F8B9D0A8-39AE-43A4-BD8A-EE06582BCE26}.Release|x86.Build.0 = Release|Win32
		{D7A683CF-F309-4BB7-AB6E-1A46DF1FAB66}.Debug|x64.ActiveCfg = Debug|x64
		{D7A683CF-F309-4BB7-AB6E-1A46DF1FAB66}.Debug|x64.Build.0 = Debug|x64
		{D7A683CF-F309-4BB7-AB6E-1A46DF1FAB66}.Debug|x86.ActiveCfg = Debug|Win32
		{D7A683CF-F309-4BB7-AB6E-1A46DF1FAB66}.Debug|x86.Build.0 = Debug|Win32
		{D7A683CF-F309-4BB7-AB6E-1A46DF1FAB66}.Release|x64.ActiveCfg = Release|x64
		{D7A683CF-F309-4BB7-AB6E-1A46DF1FAB66}.Release|x64.Build.0 = Release|x64
		{D7A683CF-F309-4BB7-AB6E-1A46DF1FAB66}.Release|x86.ActiveCfg = Release|Win32
		{D7A683CF-F309-4BB7-AB6E-1A46DF1FAB66}.Release|x86.Build.0 = Release|Win32
		{F8331A2F-9853-4133-9965-E2128F558487}.Debug|x64.ActiveCfg = Debug|x64
		{F8331A2F-9853-4133-9965-E2128F558487}.Debug|x64.Build.0 = Debug|x64
		{F8331A2F-9853-4133-9965-E2128F558487}.Debug|x86.ActiveCfg = Debug|Win32
		{F8331A2F-9853-4133-9965-E2128F558487}.Debug|x86.Build.0 = Debug|Win32
		{F8331A2F-9853-4133-9965-E2128F558487}.Release|x64.ActiveCfg = Release|x64
		{F8331A2F-9853-4133-9965-E2128F558487}.Release|x64.Build.0 = Release|x64
		{F8331A2F-9853-4133-9965-E2128F558487}.Release|x86.ActiveCfg = Release|Win32
		{F8331A2F-9853-4133-9965-E2128F558487}.Release|x86.Build.0 = Release|Win32
		{704E9A48-2939-43A4-B98A-A8FFA498D94A}.Debug|x64.ActiveCfg = Debug|x64
		{704E9A48-2939-43A4-B98A-A8FFA498D94A}.Debug|x64.Build.0 = Debug|x64
		{704E9A48-2939-43A4-B98A-A8FFA498D94A}.Debug|x86.ActiveCfg = Debug|Win32
		{704E9A48-2939-43A4-B98A-A8FFA498D94A}.Debug|x86.Build.0 = Debug|Win32
		{704E9A48-2939-43A4-B98A-A8FFA498D94A}.Release|x64.ActiveCfg = Release|x64
		{704E9A48-2939-43A4-B98A-A8FFA498D94A}.Release|x64.Build.0 = Release|x64
		{704E9A48-2939-43A4-B98A-A8FFA498D94A}.Release|x86.ActiveCfg = Release|Win32
		{704E9A48-2939-43A4-B98A-A8FFA498D94A}.Release|x86.Build.0 = Release|Win32
		{33CF61CF-25C0-49CE-BE96-CE6ED5B0A2E0}.Debug|x64.ActiveCfg = Debug|x64
		{33CF61CF-25C0-49CE-BE96-CE6ED5B0A2E0}.Debug|x64.Build.0 = Debug|x64
		{33CF61CF-25C0-49CE-BE96-CE6ED5B0A2E0}.Debug|x86.ActiveCfg = Debug|Win32
		{33CF61CF-25C0-49CE-BE96-CE6ED5B0A2E0}.Debug|x86.Build.0 = Debug|Win32
		{33CF61CF-25C0-49CE-BE96-CE6ED5B0A2E0}.Release|x64.ActiveCfg = Release|x64
		{33CF61CF-25C0-49CE-BE96-CE6ED5B0A2E0}.Release|x64.Build.0 = Release|x64
		{33CF61CF-25C0-49CE-BE96-CE6ED5B0A2E0}.Release|x86.ActiveCfg = Release|Win32
		{33CF61CF-25C0-49CE-BE96-CE6ED5B0A2E0}.Release|x86.Build.0 = Release|Win32
		{9AD053A0-4CA4-45D9-8172-114D17A0FEE3}.Debug|x64.ActiveCfg = Debug|x64
		{9AD053A0-4CA4-45D9-8172-114D17A0FEE3}.Debug|x64.Build.0 = Debug|x64
		{9AD053A0-4CA4-45D9-8172-114D17A0FEE3}.Debug|x86.ActiveCfg = Debug|Win32
		{9AD053A0-4CA4-45D9-8172-114D17A0FEE3}.Debug|x86.Build.0 = Debug|Win32
		{9AD053A0-4CA4-45D9-8172-114D17A0FEE3}.Release|x64.ActiveCfg = Release|x64
		{9AD053A0-4CA4-45D9-8172-114D17A0FEE3}.Release|x64.Build.0 = Release|x64
		{9AD053A0-4CA4-45D9-8172-114D17A0FEE3}.Release|x86.ActiveCfg = Release|Win32
		{9AD053A0-4CA4-45D9-8172-114D17A0FEE3}.Release|x86.Build.0 = Release|Win32
		{0A222DB0-3EAD-467B-AE5F-DEDE68678099}.Debug|x64.ActiveCfg = Debug|x64
		{0A222DB0-3EAD-467B-AE5F-DEDE68678099}.Debug|x64.Build.0 = Debug|x64
		{0A222DB0-3EAD-467B-AE5F-DEDE68678099}.Debug|x86.ActiveCfg = Debug|Win32
		{0A222DB0-3EAD-467B-AE5F-DEDE68678099}.Debug|x86.Build.0 = Debug|Win32
		{0A222DB0-3EAD-467B-AE5F-DEDE68678099}.Release|x64.ActiveCfg = Release|x64
		{0A222DB0-3EAD-467B-AE5F-DEDE68678099}.Release|x64.Build.0 = Release|x64
		{0A222DB0-3EAD-467B-AE5F-DEDE68678099}.Release|x86.ActiveCfg = Release|Win32
		{0A222DB0-3EAD-467B-AE5F-DEDE68678099}.Release|x86.Build.0 = Release|Win32
		{4908D8C5-F2BF-450D-896B-F55DB899CE2A}.Debug|x64.ActiveCfg = Debug|x64
		{4908D8C5-F2BF-450D-896B-F55DB899CE2A}.Debug|x64.Build.0 = Debug|x64
		{4908D8C5-F2BF-450D-896B-F55DB899CE2A}.Debug|x86.ActiveCfg = Debug|Win32
		{4908D8C5-F2BF-450D-896B-F55DB899CE2A}.Debug|x86.Build.0 = Debug|Win32
		{4908D8C5-F2BF-450D-896B-F55DB899CE2A}.Release|x64.ActiveCfg = Release|x64
		{4908D8C5-F2BF-450D-896B-F55DB899CE2A}.Release|x64.Build.0 = Release|x64
		{4908D8C5-F2BF-450D-896B-F55DB899CE2A}.Release|x86.ActiveCfg = Release|Win32
		{4908D8C5-F2BF-450D-896B-F55DB899CE2A}.Release|x86.Build.0 = Release|Win32
		{71A86470-1AB4-4FC1-A28A-00A6D1082D0B}.Debug|x64.ActiveCfg = Debug|x64
		{71A86470-1AB4-4FC1-A28A-00A6D1082D0B}.Debug|x64.Build.0 = Debug|x64
		{71A86470-1AB4-4FC1-A28A-00A6D1082D0B}.Debug|x86.ActiveCfg = Debug|Win32
		{71A86470-1AB4-4FC1-A28A-00A6D1082D0B}.Debug|x86.Build.0 = Debug|Win32
		{71A86470-1AB4-4FC1-A28A-00A6D1082D0B}.Release|x64.ActiveCfg = Release|x64
		{71A86470-1AB4-4FC1-A28A-00A6D1082D0B}.Release|x64.Build.0 = Release|x64
		{71A86470-1AB4-4FC1-A28A-00A6D1082D0B}.Release|x86.ActiveCfg = Release|Win32
		{71A86470-1AB4-4FC1-A28A-00A6D1082D0B}.Release|x86.Build.0 = Release|Win32
		{4DCC1D0C-41D8-4D3A-ADDD-71435B3BE989}.Debug|x64.ActiveCfg = Debug|x64
		{4DCC1D0C-41D8-4D3A-ADDD-71435B3BE989}.Debug|x64.Build.0 = Debug|x64
		{4DCC1D0C-41D8-4D3A-ADDD-71435B3BE989}.Debug|x86.ActiveCfg = Debug|Win32
		{4DCC1D0C-41D8-4D3A-ADDD-71435B3BE989}.Debug|x86.Build.0 = Debug|Win32
		{4DCC1D0C-41D8-4D3A-ADDD-71435B3BE989}.Release|x64.ActiveCfg = Release|x64
		{4DCC1D0C-41D8-4D3A-ADDD-71435B3BE989}.Release|x64.Build.0 = Release|x64
		{4DCC1D0C-41D8-4D3A-ADDD-71435B3BE989}.Release|x86.ActiveCfg = Release|Win32
		{4DCC1D0C-41D8-4D3A-ADDD-71435B3BE989}.Release|x86.Build.0 = Release|Win32
		{1621ACDC-FD2D-4945-9F00-D875BC291D9F}.Debug|x64.ActiveCfg = Debug|x64
		{1621ACDC-FD2D-4945-9F00-D875BC291D9F}.Debug|x64.Build.0 = Debug|x64
		{1621ACDC-FD2D-4945-9F00-D875BC291D9F}.Debug|x86.ActiveCfg = Debug|Win32
		{1621ACDC-FD2D-4945-9F00-D875BC291D9F}.Debug|x86.Build.0 = Debug|Win32
		{1621ACDC-FD2D-4945-9F00-D875BC291D9F}.Release|x64.ActiveCfg = Release|x64
		{1621ACDC-FD2D-4945-9F00-D875BC291D9F}.Release|x64.Build.0 = Release|x64
		{1621ACDC-FD2D-4945-9F00-D875BC291D9F}.Release|x86.ActiveCfg = Release|Win32
		{1621ACDC-FD2D-4945-9F00-D875BC291D9F}.Release|x86.Build.0 = Release|Win32
		{C3829F51-E801-42C8-BB2F-95E2C12D2843}.Debug|x64.ActiveCfg = Debug|x64
		{C3829F51-E801-42C8-BB2F-95E2C12D2843}.Debug|x64.Build.0 = Debug|x64
		{C3829F51-E801-42C8-BB2F-95E2C12D2843}.Debug|x86.ActiveCfg = Debug|Win32
		{C3829F51-E801-42C8-BB2F-95E2C12D2843}.Debug|x86.Build.0 = Debug|Win32
		{C3829F51-E801-42C8-BB2F-95E2C12D2843}.Release|x64.ActiveCfg = Release|x64
		{C3829F51-E801-42C8-BB2F-95E2C12D2843}.Release|x64.Build.0 = Release|x64
		{C3829F51-E801-42C8-BB2F-95E2C12D2843}.Release|x86.ActiveCfg = Release|Win32
		{C3829F51-E801-42C8-BB2F-95E2C12D2843}.Release|x86.Build.0 = Release|Win32
		{98265A72-A8CD-4F54-94F4-0761EAFE723C}.Debug|x64.ActiveCfg = Debug|x64
		{98265A72-A8CD-4F54-94F4-0761EAFE723C}.Debug|x64.Build.0 = Debug|x64
		{98265A72-A8CD-4F54-94F4-0761EAFE723C}.Debug|x86.ActiveCfg = Debug|Win32
		{98265A72-A8CD-4F54-94F4-0761EAFE723C}.Debug|x86.Build.0 = Debug|Win32
		{98265A72-A8CD-4F54-94F4-0761EAFE723C}.Release|x64.ActiveCfg = Release|x64
		{98265A72-A8CD-4F54-94F4-0761EAFE723C}.Release|x64.Build.0 = Release|x64
		{98265A72-A8CD-4F54-94F4-0761EAFE723C}.Release|x86.ActiveCfg = Release|Win32
		{98265A72-A8CD-4F54-94F4-0761EAFE723C}.Release|x86.Build.0 = Release|Win32
		{78696CA6-7FB7-4A67-B211-B319C90B6C55}.Debug|x64.ActiveCfg = Debug|x64
		{78696CA6-7FB7-4A67-B211-B319C90B6C55}.Debug|x64.Build.0 = Debug|x64
		{78696CA6-7FB7-4A67-B211-B319C90B6C55}.Debug|x86.ActiveCfg = Debug|Win32
		{78696CA6-7FB7-4A67-B211-B319C90B6C55}.Debug|x86.Build.0 = Debug|Win32
		{78696CA6-7FB7-4A67-B211-B319C90B6C55}.Release|x64.ActiveCfg = Release|x64
		{78696CA6-7FB7-4A67-B211-B319C90B6C55}.Release|x64.Build.0 = Release|x64
		{78696CA6-7FB7-4A67-B211-B319C90B6C55}.Release|x86.ActiveCfg = Release|Win32
		{78696CA6-7FB7-4A67-B211-B319C90B6C55}.Release|x86.Build.0 = Release|Win32
		{43B8F57D-5A67-44F1-B662-BDB60DE99BA0}.Debug|x64.ActiveCfg = Debug|x64
		{43B8F57D-5A67-44F1-B662-BDB60DE99BA0}.Debug|x64.Build.0 = Debug|x64
		{43B8F57D-5A67-44F1-B662-BDB60DE99BA0}.Debug|x86.ActiveCfg = Debug|Win32
		{43B8F57D-5A67-44F1-B662-BDB60DE99BA0}.Debug|x86.Build.0 = Debug|Win32
		{43B8F57D-5A67-44F1-B662-BDB60DE99BA0}.Release|x64.ActiveCfg = Release|x64
		{43B8F57D-5A67-44F1-B662-BDB60DE99BA0}.Release|x64.Build.0 = Release|x64
		{43B8F57D-5A67-44F1-B662-BDB60DE99BA0}.Release|x86.ActiveCfg = Release|Win32
		{43B8F57D-5A67-44F1-B662-BDB60DE99BA0}.Release|x86.Build.0 = Release|Win32
		{A5765CB3-18E2-4BAD-9C60-07C23CFB7A75}.Debug|x64.ActiveCfg = Debug|x64
		{A5765CB3-18E2-4BAD-9C60-07C23CFB7A75}.Debug|x64.Build.0 = Debug|x64
		{A5765CB3-18E2-4BAD-9C60-07C23CFB7A75}.Debug|x86.ActiveCfg = Debug|Win32
		{A5765CB3-18E2-4BAD-9C60-07C23CFB7A75}.Debug|x86.Build.0 = Debug|Win32
		{A5765CB3-18E2-4BAD-9C60-07C23CFB7A75}.Release|x64.ActiveCfg = Release|x64
		{A5765CB3-18E2-4BAD-9C60-07C23CFB7A75}.Release|x64.Build.0 = Release|x64
		{A5765CB3-18E2-4BAD-9C60-07C23CFB7A75}.Release|x86.ActiveCfg = Release|Win32
		{A5765CB3-18E2-4BAD-9C60-07C23CFB7A75}.Release|x86.Build.0 = Release|Win32
		{3E3331D9-3BD4-4F12-8A21-0DFC798680AD}.Debug|x64.ActiveCfg = Debug|x64
		{3E3331D9-3BD4-4F12-8A21-0DFC798680AD}.Debug|x64.Build.0 = Debug|x64
		{3E3331D9-3BD4-4F12-8A21-0DFC798680AD}.Debug|x86.ActiveCfg = Debug|Win32
		{3E3331D9-3BD4-4F12-8A21-0DFC798680AD}.Debug|x86.Build.0 = Debug|Win32
		{3E3331D9-3BD4-4F12-8A21-0DFC798680AD}.Release|x64.ActiveCfg = Release|x64
		{3E3331D9-3BD4-4F12-8A21-0DFC798680AD}.Release|x64.Build.0 = Release|x64
		{3E3331D9-3BD4-4F12-8A21-0DFC798680AD}.Release|x86.ActiveCfg = Release|Win32
		{3E3331D9-3BD4-4F12-8A21-0DFC798680AD}.Release|x86.Build.0 = Release|Win32
		{48214935-D558-4A38-844B-9BC559796499}.Debug|x64.ActiveCfg = Debug|x64
		{48214935-D558-4A38-844B-9BC559796499}.Debug|x64.Build.0 = Debug|x64
		{48214935-D558-4A38-844B-9BC559796499}.Debug|x86.ActiveCfg = Debug|Win32
		{48214935-D558-4A38-844B-9BC559796499}.Debug|x86.Build.0 = Debug|Win32
		{48214935-D558-4A38-844B-9BC559796499}.Release|x64.ActiveCfg = Release|x64
		{48214935-D558-4A38-844B-9BC559796499}.Release|x64.Build.0 = Release|x64
		{48214935-D558-4A38-844B-9BC559796499}.Release|x86.ActiveCfg = Release|Win32
		{48214935-D558-4A38-844B-9BC559796499}.Release|x86.Build.0 = Release|Win32
		{8C91CF5A-65D3-47E7-B2E1-731CFE2E2EF5}.Debug|x64.ActiveCfg = Debug|x64
		{8C91CF5A-65D3-47E7-B2E1-731CFE2E2EF5}.Debug|x64.Build.0 = Debug|x64
		{8C91CF5A-65D3-47E7-B2E1-731CFE2E2EF5}.Debug|x86.ActiveCfg = Debug|Win32
		{8C91CF5A-65D3-47E7-B2E1-731CFE2E2EF5}.Debug|x86.Build.0 = Debug|Win32
		{8C91CF5A-65D3-47E7-B2E1-731CFE2E2EF5}.Release|x64.ActiveCfg = Release|x64
		{8C91CF5A-65D3-47E7-B2E1-731CFE2E2EF5}.Release|x64.Build.0 = Release|x64
		{8C91CF5A-65D3-47E7-B2E1-731CFE2E2EF5}.Release|x86.ActiveCfg = Release|Win32
		{8C91CF5A-65D3-47E7-B2E1-731CFE2E2EF5}.Release|x86.Build.0 = Release|Win32
		{E69FCFC9-AE72-4245-B619-513939C6C75F}.Debug|x64.ActiveCfg = Debug|x64
		{E69FCFC9-AE72-4245-B619-513939C6C75F}.Debug|x64.Build.0 = Debug|x64
		{E69FCFC9-AE72-4245-B619-513939C6C75F}.Debug|x86.ActiveCfg = Debug|Win32
		{E69FCFC9-AE72-4245-B619-513939C6C75F}.Debug|x86.Build.0 = Debug|Win32
		{E69FCFC9-AE72-4245-B619-513939C6C75F}.Release|x64.ActiveCfg = Release|x64
		{E69FCFC9-AE72-4245-B619-513939C6C75F}.Release|x64.Build.0 = Release|x64
		{E69FCFC9-AE72-4245-B619-513939C6C75F}.Release|x86.ActiveCfg = Release|Win32
		{E69FCFC9-AE72-4245-B619-513939C6C75F}.Release|x86.Build.0 = Release|Win32
		{39471C51-9ADB-4BA2-9FBA-E4C1FC7F506D}.Debug|x64.ActiveCfg = Debug|x64
		{39471C51-9ADB-4BA2-9FBA-E4C1FC7F506D}.Debug|x64.Build.0 = Debug|x64
		{39471C51-9ADB-4BA2-9FBA-E4C1FC7F506D}.Debug|x86.ActiveCfg = Debug|Win32
		{39471C51-9ADB-4BA2-9FBA-E4C1FC7F506D}.Debug|x86.Build.0 = Debug|Win32
		{39471C51-9ADB-4BA2-9FBA-E4C1FC7F506D}.Release|x64.ActiveCfg = Release|x64
		{39471C51-9ADB-4BA2-9FBA-E4C1FC7F506D}.Release|x64.Build.0 = Release|x64
		{39471C51-9ADB-4BA2-9FBA-E4C1FC7F506D}.Release|x86.ActiveCfg = Release|Win32
		{39471C51-9ADB-4BA2-9FBA-E4C1FC7F506D}.Release|x86.Build.0 = Release|Win32
		{E475B097-DFD5-4732-B939-D970F1335B57}.Debug|x64.ActiveCfg = Debug|x64
		{E475B097-DFD5-4732-B939-D970F1335B57}.Debug|x64.Build.0 = Debug|x64
		{E475B097-DFD5-4732-B939-D970F1335B57}.Debug|x86.ActiveCfg = Debug|Win32
		{E475B097-DFD5-4732-B939-D970F1335B57}.Debug|x86.Build.0 = Debug|Win32
		{E475B097-DFD5-4732-B939-D970F1335B57}.Release|x64.ActiveCfg = Release|x64
		{E475B097-DFD5-4732-B939-D970F1335B57}.Release|x64.Build.0 = Release|x64
		{E475B097-DFD5-4732-B939-D970F1335B57}.Release|x86.ActiveCfg = Release|Win32
		{E475B097-DFD5-4732-B939-D970F1335B57}.Release|x86.Build.0 = Release|Win32
		{C259DDAE-3249-440D-8E9C-3C0D9672E1B8}.Debug|x64.ActiveCfg = Debug|x64
		{C259DDAE-3249-440D-8E9C-3C0D9672E1B8}.Debug|x64.Build.0 = Debug|x64
		{C259DDAE-3249-440D-8E9C-3C0D9672E1B8}.Debug|x86.ActiveCfg = Debug|Win32
		{C259DDAE-3249-440D-8E9C-3C0D9672E1B8}.Debug|x86.Build.0 = Debug|Win32
		{C259DDAE-3249-440D-8E9C-3C0D9672E1B8}.Release|x64.ActiveCfg = Release|x64
		{C259DDAE-3249-440D-8E9C-3C0D9672E1B8}.Release|x64.Build.0 = Release|x64
		{C259DDAE-3249-440D-8E9C-3C0D9672E1B8}.Release|x86.ActiveCfg = Release|Win32
		{C259DDAE-3249-440D-8E9C-3C0D9672E1B8}.Release|x86.Build.0 = Release|Win32
		{A8EC3CAA-9453-4D2C-9021-4CF8DAA27304}.Debug|x64.ActiveCfg = Debug|x64
		{A8EC3CAA-9453-4D2C-9021-4CF8DAA27304}.Debug|x64.Build.0 = Debug|x64
		{A8EC3CAA-9453-4D2C-9021-4CF8DAA27304}.Debug|x86.ActiveCfg = Debug|Win32
		{A8EC3CAA-9453-4D2C-9021-4CF8DAA27304}.Debug|x86.Build.0 = Debug|Win32
		{A8EC3CAA-9453-4D2C-9021-4CF8DAA27304}.Release|x64.ActiveCfg = Release|x64
		{A8EC3CAA-9453-4D2C-9021-4CF8DAA27304}.Release|x64.Build.0 = Release|x64
		{A8EC3CAA-9453-4D2C-9021-4CF8DAA27304}.Release|x86.ActiveCfg = Release|Win32
		{A8EC3CAA-9453-4D2C-9021-4CF8DAA27304}.Release|x86.Build.0 = Release|Win32
		{FB005C27-BCBE-4606-B162-400BE3F16BA9}.Debug|x64.ActiveCfg = Debug|x64
		{FB005C27-BCBE-4606-B162-400BE3F16BA9}.Debug|x64.Build.0 = Debug|x64
		{FB005C27-BCBE-4606-B162-400BE3F16BA9}.Debug|x86.ActiveCfg = Debug|Win32
		{FB005C27-BCBE-4606-B162-400BE3F16BA9}.Debug|x86.Build.0 = Debug|Win32
		{FB005C27-BCBE-4606-B162-400BE3F16BA9}.Release|x64.ActiveCfg = Release|x64
		{FB005C27-BCBE-4606-B162-400BE3F16BA9}.Release|x64.Build.0 = Release|x64
		{FB005C27-BCBE-4606-B162-400BE3F16BA9}.Release|x86.ActiveCfg = Release|Win32
		{FB005C27-BCBE-4606-B162-400BE3F16BA9}.Release|x86.Build.0 = Release|Win32
		{821C8109-D630-45FB-B38A-BC1903EDAF09}.Debug|x64.ActiveCfg = Debug|x64
		{821C8109-D630-45FB-B38A-BC1903EDAF09}.Debug|x64.Build.0 = Debug|x64
		{821C8109-D630-45FB-B38A-BC1903EDAF09}.Debug|x86.ActiveCfg = Debug|Win32
		{821C8109-D630-45FB-B38A-BC1903EDAF09}.Debug|x86.Build.0 = Debug|Win32
		{821C8109-D630-45FB-B38A-BC1903EDAF09}.Release|x64.ActiveCfg = Release|x64
		{821C8109-D630-45FB-B38A-BC1903EDAF09}.Release|x64.Build.0 = Release|x64
		{821C8109-D630-45FB-B38A-BC1903EDAF09}.Release|x86.ActiveCfg = Release|Win32
		{821C8109-D630-45FB-B38A-BC1903EDAF09}.Release|x86.Build.0 = Release|Win32
		{29900F21-565A-4D1E-A8F8-B8C2E0CD68CB}.Debug|x64.ActiveCfg = Debug|x64
		{29900F21-565A-4D1E-A8F8-B8C2E0CD68CB}.Debug|x64.Build.0 = Debug|x64
		{29900F21-565A-4D1E-A8F8-B8C2E0CD68CB}.Debug|x86.ActiveCfg = Debug|Win32
		{29900F21-565A-4D1E-A8F8-B8C2E0CD68CB}.Debug|x86.Build.0 = Debug|Win32
		{29900F21-565A-4D1E-A8F8-B8C2E0CD68CB}.Release|x64.ActiveCfg = Release|x64
		{29900F21-565A-4D1E-A8F8-B8C2E0CD68CB}.Release|x64.Build.0 = Release|x64
		{29900F21-565A-4D1E-A8F8-B8C2E0CD68CB}.Release|x86.ActiveCfg = Release|Win32
		{29900F21-565A-4D1E-A8F8-B8C2E0CD68CB}.Release|x86.Build.0 = Release|Win32
		{E402A8EA-6360-4606-8457-EEC66C609D08}.Debug|x64.ActiveCfg = Debug|x64
		{E402A8EA-6360-4606-8457-EEC66C609D08}.Debug|x64.Build.0 = Debug|x64
		{E402A8EA-6360-4606-8457-EEC66C609D08}.Debug|x86.ActiveCfg = Debug|Win32
		{E402A8EA-6360-4606-8457-EEC66C609D08}.Debug|x86.Build.0 = Debug|Win32
		{E402A8EA-6360-4606-8457-EEC66C609D08}.Release|x64.ActiveCfg = Release|x64
		{E402A8EA-6360-4606-8457-EEC66C609D08}.Release|x64.Build.0 = Release|x64
		{E402A8EA-6360-4606-8457-EEC66C609D08}.Release|x86.ActiveCfg = Release|Win32
		{E402A8EA-6360-4606-8457-EEC66C609D08}.Release|x86.Build.0 = Release|Win32
		{55B7D73F-B8E1-452E-A73A-7C737603CB60}.Debug|x64.ActiveCfg = Debug|x64
		{55B7D73F-B8E1-452E-A73A-7C737603CB60}.Debug|x64.Build.0 = Debug|x64
		{55B7D73F-B8E1-452E-A73A-7C737603CB60}.Debug|x86.ActiveCfg = Debug|Win32
		{55B7D73F-B8E1-452E-A73A-7C737603CB60}.Debug|x86.Build.0 = Debug|Win32
		{55B7D73F-B8E1-452E-A73A-7C737603CB60}.Release|x64.ActiveCfg = Release|x64
		{55B7D73F-B8E1-452E-A73A-7C737603CB60}.Release|x64.Build.0 = Release|x64
		{55B7D73F-B8E1-452E-A73A-7C737603CB60}.Release|x86.ActiveCfg = Release|Win32
		{55B7D73F-B8E1-452E-A73A-7C737603CB60}.Release|x86.Build.0 = Release|Win32
		{99B35E9D-4D87-4CA5-B63B-2FFF617AE118}.Debug|x64.ActiveCfg = Debug|x64
		{99B35E9D-4D87-4CA5-B63B-2FFF617AE118}.Debug|x64.Build.0 = Debug|x64
		{99B35E9D-4D87-4CA5-B63B-2FFF617AE118}.Debug|x86.ActiveCfg = Debug|Win32
		{99B35E9D-4D87-4CA5-B63B-2FFF617AE118}.Debug|x86.Build.0 = Debug|Win32
		{99B35E9D-4D87-4CA5-B63B-2FFF617AE118}.Release|x64.ActiveCfg = Release|x64
		{99B35E9D-4D87-4CA5-B63B-2FFF617AE118}.Release|x64.Build.0 = Release|x64
		{99B35E9D-4D87-4CA5-B63B-2FFF617AE118}.Release|x86.ActiveCfg = Release|Win32
		{99B35E9D-4D87-4CA5-B63B-2FFF617AE118}.Release|x86.Build.0 = Release|Win32
		{699DF22A-F253-41D8-8A38-CB61A7957AD0}.Debug|x64.ActiveCfg = Debug|x64
		{699DF22A-F253-41D8-8A38-CB61A7957AD0}.Debug|x64.Build.0 = Debug|x64
		{699DF22A-F253-41D8-8A38-CB61A7957AD0}.Debug|x86.ActiveCfg = Debug|Win32
		{699DF22A-F253-41D8-8A38-CB61A7957AD0}.Debug|x86.Build.0 = Debug|Win32
		{699DF22A-F253-41D8-8A38-CB61A7957AD0}.Release|x64.ActiveCfg = Release|x64
		{699DF22A-F253-41D8-8A38-CB61A7957AD0}.Release|x64.Build.0 = Release|x64
		{699DF22A-F253-41D8-8A38-CB61A7957AD0}.Release|x86.ActiveCfg = Release|Win32
		{699DF22A-F253-41D8-8A38-CB61A7957AD0}.Release|x86.Build.0 = Release|Win32
		{7CB5AE64-D9D0-42F8-BCD3-D17CE52D5236}.Debug|x64.ActiveCfg = Debug|x64
		{7CB5AE64-D9D0-42F8-BCD3-D17CE52D5236}.Debug|x64.Build.0 = Debug|x64
		{7CB5AE64-D9D0-42F8-BCD3-D17CE52D5236}.Debug|x86.ActiveCfg = Debug|Win32
		{7CB5AE64-D9D0-42F8-BCD3-D17CE52D5236}.Debug|x86.Build.0 = Debug|Win32
		{7CB5AE64-D9D0-42F8-BCD3-D17CE52D5236}.Release|x64.ActiveCfg = Release|x64
		{7CB5AE64-D9D0-42F8-BCD3-D17CE52D5236}.Release|x64.Build.0 = Release|x64
		{7CB5AE64-D9D0-42F8-BCD3-D17CE52D5236}.Release|x86.ActiveCfg = Release|Win32
		{7CB5AE64-D9D0-42F8-BCD3-D17CE52D5236}.Release|x86.Build.0 = Release|Win32
		{4D277192-C934-46A5-9D1D-F6076146BA08}.Debug|x64.ActiveCfg = Debug|x64
		{4D277192-C934-46A5-9D1D-F6076146BA08}.Debug|x64.Build.0 = Debug|x64
		{4D277192-C934-46A5-9D1D-F6076146BA08}.Debug|x86.ActiveCfg = Debug|Win32
		{4D277192-C934-46A5-9D1D-F6076146BA08}.Debug|x86.Build.0 = Debug|Win32
		{4D277192-C934-46A5-9D1D-F6076146BA08}.Release|x64.ActiveCfg = Release|x64
		{4D277192-C934-46A5-9D1D-F6076146BA08}.Release|x64.Build.0 = Release|x64
		{4D277192-C934-46A5-9D1D-F6076146BA08}.Release|x86.ActiveCfg = Release|Win32
		{4D277192-C934-46A5-9D1D-F6076146BA08}.Release|x86.Build.0 = Release|Win32
		{5A156ED5-9667-48B9-B0C5-D11F3D30826A}.Debug|x64.ActiveCfg = Debug|x64
		{5A156ED5-9667-48B9-B0C5-D11F3D30826A}.Debug|x64.Build.0 = Debug|x64
		{5A156ED5-9667-48B9-B0C5-D11F3D30826A}.Debug|x86.ActiveCfg = Debug|Win32
		{5A156ED5-9667-48B9-B0C5-D11F3D30826A}.Debug|x86.Build.0 = Debug|Win32
		{5A156ED5-9667-48B9-B0C5-D11F3D30826A}.Release|x64.ActiveCfg = Release|x64
		{5A156ED5-9667-48B9-B0C5-D11F3D30826A}.Release|x64.Build.0 = Release|x64
		{5A156ED5-9667-48B9-B0C5-D11F3D30826A}.Release|x86.ActiveCfg = Release|Win32
		{5A156ED5-9667-48B9-B0C5-D11F3D30826A}.Release|x86.Build.0 = Release|Win32
		{75425FD5-F6BC-40E4-B656-CC43D87A7473}.Debug|x64.ActiveCfg = Debug|x64
		{75425FD5-F6BC-40E4-B656-CC43D87A7473}.Debug|x64.Build.0 = Debug|x64
		{75425FD5-F6BC-40E4-B656-CC43D87A7473}.Debug|x86.ActiveCfg = Debug|Win32
		{75425FD5-F6BC-40E4-B656-CC43D87A7473}.Debug|x86.Build.0 = Debug|Win32
		{75425FD5-F6BC-40E4-B656-CC43D87A7473}.Release|x64.ActiveCfg = Release|x64
		{75425FD5-F6BC-40E4-B656-CC43D87A7473}.Release|x64.Build.0 = Release|x64
		{75425FD5-F6BC-40E4-B656-CC43D87A7473}.Release|x86.ActiveCfg = Release|Win32
		{75425FD5-F6BC-40E4-B656-CC43D87A7473}.Release|x86.Build.0 = Release|Win32
		{D12EC76D-DFB2-466B-88E3-662F87CB7BBC}.Debug|x64.ActiveCfg = Debug|x64
		{D12EC76D-DFB2-466B-88E3-662F87CB7BBC}.Debug|x64.Build.0 = Debug|x64
		{D12EC76D-DFB2-466B-88E3-662F87CB7BBC}.Debug|x86.ActiveCfg = Debug|Win32
		{D12EC76D-DFB2-466B-88E3-662F87CB7BBC}.Debug|x86.Build.0 = Debug|Win32
		{D12EC76D-DFB2-466B-88E3-662F87CB7BBC}.Release|x64.ActiveCfg = Release|x64
		{D12EC76D-DFB2-466B-88E3-662F87CB7BBC}.Release|x64.Build.0 = Release|x64
		{D12EC76D-DFB2-466B-88E3-662F87CB7BBC}.Release|x86.ActiveCfg = Release|Win32
		{D12EC76D-DFB2-466B-88E3-662F87CB7BBC}.Release|x86.Build.0 = Release|Win32
		{6BDE6968-FF1B-4A4A-AE68-5C2E6F28101F}.Debug|x64.ActiveCfg = Debug|x64
		{6BDE6968-FF1B-4A4A-AE68-5C2E6F28101F}.Debug|x64.Build.0 = Debug|x64
		{6BDE6968-FF1B-4A4A-AE68-5C2E6F28101F}.Debug|x86.ActiveCfg = Debug|Win32
		{6BDE6968-FF1B-4A4A-AE68-5C2E6F28101F}.Debug|x86.Build.0 = Debug|Win32
		{6BDE6968-FF1B-4A4A-AE68-5C2E6F28101F}.Release|x64.ActiveCfg = Release|x64
		{6BDE6968-FF1B-4A4A-AE68-5C2E6F28101F}.Release|x64.Build.0 = Release|x64
		{6BDE6968-FF1B-4A4A-AE68-5C2E6F28101F}.Release|x86.ActiveCfg = Release|Win32
		{6BDE6968-FF1B-4A4A-AE68-5C2E6F28101F}.Release|x86.Build.0 = Release|Win32
		{377F05A1-31AC-49B3-906D-847878E7243C}.Debug|x64.ActiveCfg = Debug|x64
		{377F05A1-31AC-49B3-906D-847878E7243C}.Debug|x64.Build.0 = Debug|x64
		{377F05A1-31AC-49B3-906D-847878E7243C}.Debug|x86.ActiveCfg = Debug|Win32
		{377F05A1-31AC-49B3-906D-847878E7243C}.Debug|x86.Build.0 = Debug|Win32
		{377F05A1-31AC-49B3-906D-847878E7243C}.Release|x64.ActiveCfg = Release|x64
		{377F05A1-31AC-49B3-906D-847878E7243C}.Release|x64.Build.0 = Release|x64
		{377F05A1-31AC-49B3-906D-847878E7243C}.Release|x86.ActiveCfg = Release|Win32
		{377F05A1-31AC-49B3-906D-847878E7243C}.Release|x86.Build.0 = Release|Win32
		{251BEE34-E38D-4D79-8D6A-8D04366B3E31}.Debug|x64.ActiveCfg = Debug|x64
		{251BEE34-E38D-4D79-8D6A-8D04366B3E31}.Debug|x64.Build.0 = Debug|x64
		{251BEE34-E38D-4D79-8D6A-8D04366B3E31}.Debug|x86.ActiveCfg = Debug|Win32
		{251BEE34-E38D-4D79-8D6A-8D04366B3E31}.Debug|x86.Build.0 = Debug|Win32
		{251BEE34-E38D-4D79-8D6A-8D04366B3E31}.Release|x64.ActiveCfg = Release|x64
		{251BEE34-E38D-4D79-8D6A-8D04366B3E31}.Release|x64.Build.0 = Release|x64
		{251BEE34-E38D-4D79-8D6A-8D04366B3E31}.Release|x86.ActiveCfg = Release|Win32
		{251BEE34-E38D-4D79-8D6A-8D04366B3E31}.Release|x86.Build.0 = Release|Win32
		{347C2636-E667-4C81-B497-D446406E595F}.Debug|x64.ActiveCfg = Debug|x64
		{347C2636-E667-4C81-B497-D446406E595F}.Debug|x64.Build.0 = Debug|x64
		{347C2636-E667-4C81-B497-D446406E595F}.Debug|x86.ActiveCfg = Debug|Win32
		{347C2636-E667-4C81-B497-D446406E595F}.Debug|x86.Build.0 = Debug|Win32
		{347C2636-E667-4C81-B497-D446406E595F}.Release|x64.ActiveCfg = Release|x64
		{347C2636-E667-4C81-B497-D446406E595F}.Release|x64.Build.0 = Release|x64
		{347C2636-E667-4C81-B497-D446406E595F}.Release|x86.ActiveCfg = Release|Win32
		{347C2636-E667-4C81-B497-D446406E595F}.Release|x86.Build.0 = Release|Win32
		{310BE18F-E81F-40FE-990C-08DCE079FC28}.Debug|x64.ActiveCfg = Debug|x64
		{310BE18F-E81F-40FE-990C-08DCE079FC28}.Debug|x64.Build.0 = Debug|x64
		{310BE18F-E81F-40FE-990C-08DCE079FC28}.Debug|x86.ActiveCfg = Debug|Win32
		{310BE18F-E81F-40FE-990C-08DCE079FC28}.Debug|x86.Build.0 = Debug|Win32
		{310BE18F-E81F-40FE-990C-08DCE079FC28}.Release|x64.ActiveCfg = Release|x64
		{310BE18F-E81F-40FE-990C-08DCE079FC28}.Release|x64.Build.0 = Release|x64
		{310BE18F-E81F-40FE-990C-08DCE079FC28}.Release|x86.ActiveCfg = Release|Win32
		{310BE18F-E81F-40FE-990C-08DCE079FC28}.Release|x86.Build.0 = Release|Win32
		{2B6DE0E5-FA47-4713-BCAF-400BD2977800}.Debug|x64.ActiveCfg = Debug|x64
		{2B6DE0E5-FA47-4713-BCAF-400BD2977800}.Debug|x64.Build.0 = Debug|x64
		{2B6DE0E5-FA47-4713-BCAF-400BD2977800}.Debug|x86.ActiveCfg = Debug|Win32
		{2B6DE0E5-FA47-4713-BCAF-400BD2977800}.Debug|x86.Build.0 = Debug|Win32
		{2B6DE0E5-FA47-4713-BCAF-400BD2977800}.Release|x64.ActiveCfg = Release|x64
		{2B6DE0E5-FA47-4713-BCAF-400BD2977800}.Release|x64.Build.0 = Release|x64
		{2B6DE0E5-FA47-4713-BCAF-400BD2977800}.Release|x86.ActiveCfg = Release|Win32
		{2B6DE0E5-FA47-4713-BCAF-400BD2977800}.Release|x86.Build.0 = Release|Win32
		{3906C80D-48D5-4EC2-AAB7-666863D5C57D}.Debug|x64.ActiveCfg = Debug|x64
		{3906C80D-48D5-4EC2-AAB7-666863D5C57D}.Debug|x64.Build.0 = Debug|x64
		{3906C80D-48D5-4EC2-AAB7-666863D5C57D}.Debug|x86.ActiveCfg = Debug|Win32
		{3906C80D-48D5-4EC2-AAB7-666863D5C57D}.Debug|x86.Build.0 = Debug|Win32
		{3906C80D-48D5-4EC2-AAB7-666863D5C57D}.Release|x64.ActiveCfg = Release|x64
		{3906C80D-48D5-4EC2-AAB7-666863D5C57D}.Release|x64.Build.0 = Release|x64
		{3906C80D-48D5-4EC2-AAB7-666863D5C57D}.Release|x86.ActiveCfg = Release|Win32
		{3906C80D-48D5-4EC2-AAB7-666863D5C57D}.Release|x86.Build.0 = Release|Win32
	EndGlobalSection
	GlobalSection(SolutionProperties) = preSolution
		HideSolutionNode = FALSE
	EndGlobalSection
	GlobalSection(ExtensibilityGlobals) = postSolution
		SolutionGuid = {D2D9C0CC-476C-4437-B8DB-876E4523DBFF}
	EndGlobalSection
EndGlobal
